// !$*UTF8*$!
{
	archiveVersion = 1;
	classes = {
	};
	objectVersion = 46;
	objects = {

/* Begin PBXBuildFile section */
		067F12B5790936CEF5365598 /* Pods_Keyboard.framework in Frameworks */ = {isa = PBXBuildFile; fileRef = 65AE0BCC6D00D814A0FD9355 /* Pods_Keyboard.framework */; };
		1F8D6D1D1F20BD4B00E8A6E6 /* AppDelegate.swift in Sources */ = {isa = PBXBuildFile; fileRef = 1F8D6D1C1F20BD4B00E8A6E6 /* AppDelegate.swift */; };
		1F8D6D1F1F20BD4B00E8A6E6 /* ViewController.swift in Sources */ = {isa = PBXBuildFile; fileRef = 1F8D6D1E1F20BD4B00E8A6E6 /* ViewController.swift */; };
		1F8D6D221F20BD4B00E8A6E6 /* Main.storyboard in Resources */ = {isa = PBXBuildFile; fileRef = 1F8D6D201F20BD4B00E8A6E6 /* Main.storyboard */; };
		1F8D6D241F20BD4B00E8A6E6 /* Assets.xcassets in Resources */ = {isa = PBXBuildFile; fileRef = 1F8D6D231F20BD4B00E8A6E6 /* Assets.xcassets */; };
		1F8D6D271F20BD4B00E8A6E6 /* LaunchScreen.storyboard in Resources */ = {isa = PBXBuildFile; fileRef = 1F8D6D251F20BD4B00E8A6E6 /* LaunchScreen.storyboard */; };
		1F8D6D321F20BD4B00E8A6E6 /* KeyboardTests.swift in Sources */ = {isa = PBXBuildFile; fileRef = 1F8D6D311F20BD4B00E8A6E6 /* KeyboardTests.swift */; };
		1F8D6D451F20BD8500E8A6E6 /* Emoticon.swift in Sources */ = {isa = PBXBuildFile; fileRef = 1F8D6D3D1F20BD8500E8A6E6 /* Emoticon.swift */; };
		1F8D6D461F20BD8500E8A6E6 /* EmoticonGroup.swift in Sources */ = {isa = PBXBuildFile; fileRef = 1F8D6D3E1F20BD8500E8A6E6 /* EmoticonGroup.swift */; };
		1F8D6D471F20BD8500E8A6E6 /* EmoticonInputViewLayout.swift in Sources */ = {isa = PBXBuildFile; fileRef = 1F8D6D3F1F20BD8500E8A6E6 /* EmoticonInputViewLayout.swift */; };
		1F8D6D481F20BD8500E8A6E6 /* EmoticonPreviewer.swift in Sources */ = {isa = PBXBuildFile; fileRef = 1F8D6D401F20BD8500E8A6E6 /* EmoticonPreviewer.swift */; };
		1F8D6D491F20BD8500E8A6E6 /* EmoticonToolItemCell.swift in Sources */ = {isa = PBXBuildFile; fileRef = 1F8D6D411F20BD8500E8A6E6 /* EmoticonToolItemCell.swift */; };
		1F8D6D4A1F20BD8500E8A6E6 /* EmoticonToolView.swift in Sources */ = {isa = PBXBuildFile; fileRef = 1F8D6D421F20BD8500E8A6E6 /* EmoticonToolView.swift */; };
		1F8D6D4B1F20BD8500E8A6E6 /* EmoticonCell.swift in Sources */ = {isa = PBXBuildFile; fileRef = 1F8D6D431F20BD8500E8A6E6 /* EmoticonCell.swift */; };
		1F8D6D4C1F20BD8500E8A6E6 /* EmoticonInputView.swift in Sources */ = {isa = PBXBuildFile; fileRef = 1F8D6D441F20BD8500E8A6E6 /* EmoticonInputView.swift */; };
		1F8D6D4E1F20C3E800E8A6E6 /* UIView+Frame.swift in Sources */ = {isa = PBXBuildFile; fileRef = 1F8D6D4D1F20C3E800E8A6E6 /* UIView+Frame.swift */; };
		1F8D6D511F20C95B00E8A6E6 /* Keyboard.swift in Sources */ = {isa = PBXBuildFile; fileRef = 1F8D6D501F20C95B00E8A6E6 /* Keyboard.swift */; };
		1F8D6D531F20C9A400E8A6E6 /* ToolView.swift in Sources */ = {isa = PBXBuildFile; fileRef = 1F8D6D521F20C9A400E8A6E6 /* ToolView.swift */; };
		1F8D6D561F20C9D100E8A6E6 /* MoreItem.swift in Sources */ = {isa = PBXBuildFile; fileRef = 1F8D6D551F20C9D100E8A6E6 /* MoreItem.swift */; };
		1F8D6D581F20C9E800E8A6E6 /* MoreItemCell.swift in Sources */ = {isa = PBXBuildFile; fileRef = 1F8D6D571F20C9E800E8A6E6 /* MoreItemCell.swift */; };
		1F8D6D5A1F20C9F700E8A6E6 /* MoreInputView.swift in Sources */ = {isa = PBXBuildFile; fileRef = 1F8D6D591F20C9F700E8A6E6 /* MoreInputView.swift */; };
		1F8D6D5C1F20CB0C00E8A6E6 /* MoreCollectionLayout.swift in Sources */ = {isa = PBXBuildFile; fileRef = 1F8D6D5B1F20CB0C00E8A6E6 /* MoreCollectionLayout.swift */; };
		46034C071B6BE30E3D8BDE26 /* Pods_KeyboardTests.framework in Frameworks */ = {isa = PBXBuildFile; fileRef = EDC4576375F1B36691CD37E7 /* Pods_KeyboardTests.framework */; };
		8C8A32B41F20E6F300FBC8DD /* emoticons.bundle in Resources */ = {isa = PBXBuildFile; fileRef = 8C8A32B31F20E6F300FBC8DD /* emoticons.bundle */; };
/* End PBXBuildFile section */

/* Begin PBXContainerItemProxy section */
		1F8D6D2E1F20BD4B00E8A6E6 /* PBXContainerItemProxy */ = {
			isa = PBXContainerItemProxy;
			containerPortal = 1F8D6D111F20BD4B00E8A6E6 /* Project object */;
			proxyType = 1;
			remoteGlobalIDString = 1F8D6D181F20BD4B00E8A6E6;
			remoteInfo = Keyboard;
		};
/* End PBXContainerItemProxy section */

/* Begin PBXFileReference section */
		1F8D6D191F20BD4B00E8A6E6 /* Keyboard.app */ = {isa = PBXFileReference; explicitFileType = wrapper.application; includeInIndex = 0; path = Keyboard.app; sourceTree = BUILT_PRODUCTS_DIR; };
		1F8D6D1C1F20BD4B00E8A6E6 /* AppDelegate.swift */ = {isa = PBXFileReference; lastKnownFileType = sourcecode.swift; path = AppDelegate.swift; sourceTree = "<group>"; };
		1F8D6D1E1F20BD4B00E8A6E6 /* ViewController.swift */ = {isa = PBXFileReference; lastKnownFileType = sourcecode.swift; path = ViewController.swift; sourceTree = "<group>"; };
		1F8D6D211F20BD4B00E8A6E6 /* Base */ = {isa = PBXFileReference; lastKnownFileType = file.storyboard; name = Base; path = Base.lproj/Main.storyboard; sourceTree = "<group>"; };
		1F8D6D231F20BD4B00E8A6E6 /* Assets.xcassets */ = {isa = PBXFileReference; lastKnownFileType = folder.assetcatalog; path = Assets.xcassets; sourceTree = "<group>"; };
		1F8D6D261F20BD4B00E8A6E6 /* Base */ = {isa = PBXFileReference; lastKnownFileType = file.storyboard; name = Base; path = Base.lproj/LaunchScreen.storyboard; sourceTree = "<group>"; };
		1F8D6D281F20BD4B00E8A6E6 /* Info.plist */ = {isa = PBXFileReference; lastKnownFileType = text.plist.xml; path = Info.plist; sourceTree = "<group>"; };
		1F8D6D2D1F20BD4B00E8A6E6 /* KeyboardTests.xctest */ = {isa = PBXFileReference; explicitFileType = wrapper.cfbundle; includeInIndex = 0; path = KeyboardTests.xctest; sourceTree = BUILT_PRODUCTS_DIR; };
		1F8D6D311F20BD4B00E8A6E6 /* KeyboardTests.swift */ = {isa = PBXFileReference; lastKnownFileType = sourcecode.swift; path = KeyboardTests.swift; sourceTree = "<group>"; };
		1F8D6D331F20BD4B00E8A6E6 /* Info.plist */ = {isa = PBXFileReference; lastKnownFileType = text.plist.xml; path = Info.plist; sourceTree = "<group>"; };
		1F8D6D3D1F20BD8500E8A6E6 /* Emoticon.swift */ = {isa = PBXFileReference; fileEncoding = 4; lastKnownFileType = sourcecode.swift; path = Emoticon.swift; sourceTree = "<group>"; };
		1F8D6D3E1F20BD8500E8A6E6 /* EmoticonGroup.swift */ = {isa = PBXFileReference; fileEncoding = 4; lastKnownFileType = sourcecode.swift; path = EmoticonGroup.swift; sourceTree = "<group>"; };
		1F8D6D3F1F20BD8500E8A6E6 /* EmoticonInputViewLayout.swift */ = {isa = PBXFileReference; fileEncoding = 4; lastKnownFileType = sourcecode.swift; path = EmoticonInputViewLayout.swift; sourceTree = "<group>"; };
		1F8D6D401F20BD8500E8A6E6 /* EmoticonPreviewer.swift */ = {isa = PBXFileReference; fileEncoding = 4; lastKnownFileType = sourcecode.swift; path = EmoticonPreviewer.swift; sourceTree = "<group>"; };
		1F8D6D411F20BD8500E8A6E6 /* EmoticonToolItemCell.swift */ = {isa = PBXFileReference; fileEncoding = 4; lastKnownFileType = sourcecode.swift; path = EmoticonToolItemCell.swift; sourceTree = "<group>"; };
		1F8D6D421F20BD8500E8A6E6 /* EmoticonToolView.swift */ = {isa = PBXFileReference; fileEncoding = 4; lastKnownFileType = sourcecode.swift; path = EmoticonToolView.swift; sourceTree = "<group>"; };
		1F8D6D431F20BD8500E8A6E6 /* EmoticonCell.swift */ = {isa = PBXFileReference; fileEncoding = 4; lastKnownFileType = sourcecode.swift; path = EmoticonCell.swift; sourceTree = "<group>"; };
		1F8D6D441F20BD8500E8A6E6 /* EmoticonInputView.swift */ = {isa = PBXFileReference; fileEncoding = 4; lastKnownFileType = sourcecode.swift; path = EmoticonInputView.swift; sourceTree = "<group>"; };
		1F8D6D4D1F20C3E800E8A6E6 /* UIView+Frame.swift */ = {isa = PBXFileReference; fileEncoding = 4; lastKnownFileType = sourcecode.swift; path = "UIView+Frame.swift"; sourceTree = "<group>"; };
		1F8D6D501F20C95B00E8A6E6 /* Keyboard.swift */ = {isa = PBXFileReference; fileEncoding = 4; lastKnownFileType = sourcecode.swift; path = Keyboard.swift; sourceTree = "<group>"; };
		1F8D6D521F20C9A400E8A6E6 /* ToolView.swift */ = {isa = PBXFileReference; fileEncoding = 4; lastKnownFileType = sourcecode.swift; path = ToolView.swift; sourceTree = "<group>"; };
		1F8D6D551F20C9D100E8A6E6 /* MoreItem.swift */ = {isa = PBXFileReference; fileEncoding = 4; lastKnownFileType = sourcecode.swift; path = MoreItem.swift; sourceTree = "<group>"; };
		1F8D6D571F20C9E800E8A6E6 /* MoreItemCell.swift */ = {isa = PBXFileReference; fileEncoding = 4; lastKnownFileType = sourcecode.swift; path = MoreItemCell.swift; sourceTree = "<group>"; };
		1F8D6D591F20C9F700E8A6E6 /* MoreInputView.swift */ = {isa = PBXFileReference; fileEncoding = 4; lastKnownFileType = sourcecode.swift; path = MoreInputView.swift; sourceTree = "<group>"; };
		1F8D6D5B1F20CB0C00E8A6E6 /* MoreCollectionLayout.swift */ = {isa = PBXFileReference; fileEncoding = 4; lastKnownFileType = sourcecode.swift; path = MoreCollectionLayout.swift; sourceTree = "<group>"; };
		2FEA2AC8F56C478E3011B3AF /* Pods-Keyboard.release.xcconfig */ = {isa = PBXFileReference; includeInIndex = 1; lastKnownFileType = text.xcconfig; name = "Pods-Keyboard.release.xcconfig"; path = "Pods/Target Support Files/Pods-Keyboard/Pods-Keyboard.release.xcconfig"; sourceTree = "<group>"; };
		62C713CA1A6AB6D8BF4C8E12 /* Pods-KeyboardTests.debug.xcconfig */ = {isa = PBXFileReference; includeInIndex = 1; lastKnownFileType = text.xcconfig; name = "Pods-KeyboardTests.debug.xcconfig"; path = "Pods/Target Support Files/Pods-KeyboardTests/Pods-KeyboardTests.debug.xcconfig"; sourceTree = "<group>"; };
		65AE0BCC6D00D814A0FD9355 /* Pods_Keyboard.framework */ = {isa = PBXFileReference; explicitFileType = wrapper.framework; includeInIndex = 0; path = Pods_Keyboard.framework; sourceTree = BUILT_PRODUCTS_DIR; };
		8C8A32B31F20E6F300FBC8DD /* emoticons.bundle */ = {isa = PBXFileReference; lastKnownFileType = "wrapper.plug-in"; path = emoticons.bundle; sourceTree = "<group>"; };
		B3B717A5E208B2CF3246B6EA /* Pods-KeyboardTests.release.xcconfig */ = {isa = PBXFileReference; includeInIndex = 1; lastKnownFileType = text.xcconfig; name = "Pods-KeyboardTests.release.xcconfig"; path = "Pods/Target Support Files/Pods-KeyboardTests/Pods-KeyboardTests.release.xcconfig"; sourceTree = "<group>"; };
		CFE1B148E88855663DBDBA95 /* Pods-Keyboard.debug.xcconfig */ = {isa = PBXFileReference; includeInIndex = 1; lastKnownFileType = text.xcconfig; name = "Pods-Keyboard.debug.xcconfig"; path = "Pods/Target Support Files/Pods-Keyboard/Pods-Keyboard.debug.xcconfig"; sourceTree = "<group>"; };
		EDC4576375F1B36691CD37E7 /* Pods_KeyboardTests.framework */ = {isa = PBXFileReference; explicitFileType = wrapper.framework; includeInIndex = 0; path = Pods_KeyboardTests.framework; sourceTree = BUILT_PRODUCTS_DIR; };
/* End PBXFileReference section */

/* Begin PBXFrameworksBuildPhase section */
		1F8D6D161F20BD4B00E8A6E6 /* Frameworks */ = {
			isa = PBXFrameworksBuildPhase;
			buildActionMask = 2147483647;
			files = (
				067F12B5790936CEF5365598 /* Pods_Keyboard.framework in Frameworks */,
			);
			runOnlyForDeploymentPostprocessing = 0;
		};
		1F8D6D2A1F20BD4B00E8A6E6 /* Frameworks */ = {
			isa = PBXFrameworksBuildPhase;
			buildActionMask = 2147483647;
			files = (
				46034C071B6BE30E3D8BDE26 /* Pods_KeyboardTests.framework in Frameworks */,
			);
			runOnlyForDeploymentPostprocessing = 0;
		};
/* End PBXFrameworksBuildPhase section */

/* Begin PBXGroup section */
		1EABDBECA4A57B2712044AD0 /* Pods */ = {
			isa = PBXGroup;
			children = (
				CFE1B148E88855663DBDBA95 /* Pods-Keyboard.debug.xcconfig */,
				2FEA2AC8F56C478E3011B3AF /* Pods-Keyboard.release.xcconfig */,
				62C713CA1A6AB6D8BF4C8E12 /* Pods-KeyboardTests.debug.xcconfig */,
				B3B717A5E208B2CF3246B6EA /* Pods-KeyboardTests.release.xcconfig */,
			);
			name = Pods;
			sourceTree = "<group>";
		};
		1F8D6D101F20BD4B00E8A6E6 = {
			isa = PBXGroup;
			children = (
				1F8D6D1B1F20BD4B00E8A6E6 /* Keyboard */,
				1F8D6D301F20BD4B00E8A6E6 /* KeyboardTests */,
				1F8D6D1A1F20BD4B00E8A6E6 /* Products */,
				1EABDBECA4A57B2712044AD0 /* Pods */,
				72F55E5B881C608D86E00ECE /* Frameworks */,
			);
			sourceTree = "<group>";
		};
		1F8D6D1A1F20BD4B00E8A6E6 /* Products */ = {
			isa = PBXGroup;
			children = (
				1F8D6D191F20BD4B00E8A6E6 /* Keyboard.app */,
				1F8D6D2D1F20BD4B00E8A6E6 /* KeyboardTests.xctest */,
			);
			name = Products;
			sourceTree = "<group>";
		};
		1F8D6D1B1F20BD4B00E8A6E6 /* Keyboard */ = {
			isa = PBXGroup;
			children = (
				1F8D6D1C1F20BD4B00E8A6E6 /* AppDelegate.swift */,
				1F8D6D1E1F20BD4B00E8A6E6 /* ViewController.swift */,
				1F8D6D4D1F20C3E800E8A6E6 /* UIView+Frame.swift */,
				8C8A32B31F20E6F300FBC8DD /* emoticons.bundle */,
				1F8D6D4F1F20C51400E8A6E6 /* Class */,
				1F8D6D541F20C9B800E8A6E6 /* More */,
				1F8D6D3C1F20BD8500E8A6E6 /* Emoticon */,
				1F8D6D201F20BD4B00E8A6E6 /* Main.storyboard */,
				1F8D6D231F20BD4B00E8A6E6 /* Assets.xcassets */,
				1F8D6D251F20BD4B00E8A6E6 /* LaunchScreen.storyboard */,
				1F8D6D281F20BD4B00E8A6E6 /* Info.plist */,
			);
			path = Keyboard;
			sourceTree = "<group>";
		};
		1F8D6D301F20BD4B00E8A6E6 /* KeyboardTests */ = {
			isa = PBXGroup;
			children = (
				1F8D6D311F20BD4B00E8A6E6 /* KeyboardTests.swift */,
				1F8D6D331F20BD4B00E8A6E6 /* Info.plist */,
			);
			path = KeyboardTests;
			sourceTree = "<group>";
		};
		1F8D6D3C1F20BD8500E8A6E6 /* Emoticon */ = {
			isa = PBXGroup;
			children = (
				1F8D6D3D1F20BD8500E8A6E6 /* Emoticon.swift */,
				1F8D6D3E1F20BD8500E8A6E6 /* EmoticonGroup.swift */,
				1F8D6D441F20BD8500E8A6E6 /* EmoticonInputView.swift */,
				1F8D6D3F1F20BD8500E8A6E6 /* EmoticonInputViewLayout.swift */,
				1F8D6D431F20BD8500E8A6E6 /* EmoticonCell.swift */,
				1F8D6D401F20BD8500E8A6E6 /* EmoticonPreviewer.swift */,
				1F8D6D411F20BD8500E8A6E6 /* EmoticonToolItemCell.swift */,
				1F8D6D421F20BD8500E8A6E6 /* EmoticonToolView.swift */,
			);
			path = Emoticon;
			sourceTree = "<group>";
		};
		1F8D6D4F1F20C51400E8A6E6 /* Class */ = {
			isa = PBXGroup;
			children = (
				1F8D6D501F20C95B00E8A6E6 /* Keyboard.swift */,
				1F8D6D521F20C9A400E8A6E6 /* ToolView.swift */,
			);
			path = Class;
			sourceTree = "<group>";
		};
		1F8D6D541F20C9B800E8A6E6 /* More */ = {
			isa = PBXGroup;
			children = (
				1F8D6D591F20C9F700E8A6E6 /* MoreInputView.swift */,
				1F8D6D551F20C9D100E8A6E6 /* MoreItem.swift */,
				1F8D6D571F20C9E800E8A6E6 /* MoreItemCell.swift */,
				1F8D6D5B1F20CB0C00E8A6E6 /* MoreCollectionLayout.swift */,
			);
			path = More;
			sourceTree = "<group>";
		};
		72F55E5B881C608D86E00ECE /* Frameworks */ = {
			isa = PBXGroup;
			children = (
				65AE0BCC6D00D814A0FD9355 /* Pods_Keyboard.framework */,
				EDC4576375F1B36691CD37E7 /* Pods_KeyboardTests.framework */,
			);
			name = Frameworks;
			sourceTree = "<group>";
		};
/* End PBXGroup section */

/* Begin PBXNativeTarget section */
		1F8D6D181F20BD4B00E8A6E6 /* Keyboard */ = {
			isa = PBXNativeTarget;
			buildConfigurationList = 1F8D6D361F20BD4B00E8A6E6 /* Build configuration list for PBXNativeTarget "Keyboard" */;
			buildPhases = (
				ED8821A11B09355FA3318561 /* [CP] Check Pods Manifest.lock */,
				1F8D6D151F20BD4B00E8A6E6 /* Sources */,
				1F8D6D161F20BD4B00E8A6E6 /* Frameworks */,
				1F8D6D171F20BD4B00E8A6E6 /* Resources */,
				87DC04DDEB3CA11EB220A18C /* [CP] Embed Pods Frameworks */,
				28FD396C92C0454E21D84636 /* [CP] Copy Pods Resources */,
			);
			buildRules = (
			);
			dependencies = (
			);
			name = Keyboard;
			productName = Keyboard;
			productReference = 1F8D6D191F20BD4B00E8A6E6 /* Keyboard.app */;
			productType = "com.apple.product-type.application";
		};
		1F8D6D2C1F20BD4B00E8A6E6 /* KeyboardTests */ = {
			isa = PBXNativeTarget;
			buildConfigurationList = 1F8D6D391F20BD4B00E8A6E6 /* Build configuration list for PBXNativeTarget "KeyboardTests" */;
			buildPhases = (
				E1456011CC30E4E9E234CD89 /* [CP] Check Pods Manifest.lock */,
				1F8D6D291F20BD4B00E8A6E6 /* Sources */,
				1F8D6D2A1F20BD4B00E8A6E6 /* Frameworks */,
				1F8D6D2B1F20BD4B00E8A6E6 /* Resources */,
				6B29678FEEDFEDD49AC8F1AC /* [CP] Embed Pods Frameworks */,
				48E98DED04E671DAD9CC1770 /* [CP] Copy Pods Resources */,
			);
			buildRules = (
			);
			dependencies = (
				1F8D6D2F1F20BD4B00E8A6E6 /* PBXTargetDependency */,
			);
			name = KeyboardTests;
			productName = KeyboardTests;
			productReference = 1F8D6D2D1F20BD4B00E8A6E6 /* KeyboardTests.xctest */;
			productType = "com.apple.product-type.bundle.unit-test";
		};
/* End PBXNativeTarget section */

/* Begin PBXProject section */
		1F8D6D111F20BD4B00E8A6E6 /* Project object */ = {
			isa = PBXProject;
			attributes = {
				LastSwiftUpdateCheck = 0830;
				LastUpgradeCheck = 0830;
				ORGANIZATIONNAME = cwwise;
				TargetAttributes = {
					1F8D6D181F20BD4B00E8A6E6 = {
						CreatedOnToolsVersion = 8.3.3;
						ProvisioningStyle = Automatic;
					};
					1F8D6D2C1F20BD4B00E8A6E6 = {
						CreatedOnToolsVersion = 8.3.3;
						ProvisioningStyle = Automatic;
						TestTargetID = 1F8D6D181F20BD4B00E8A6E6;
					};
				};
			};
			buildConfigurationList = 1F8D6D141F20BD4B00E8A6E6 /* Build configuration list for PBXProject "Keyboard" */;
			compatibilityVersion = "Xcode 3.2";
			developmentRegion = English;
			hasScannedForEncodings = 0;
			knownRegions = (
				en,
				Base,
			);
			mainGroup = 1F8D6D101F20BD4B00E8A6E6;
			productRefGroup = 1F8D6D1A1F20BD4B00E8A6E6 /* Products */;
			projectDirPath = "";
			projectRoot = "";
			targets = (
				1F8D6D181F20BD4B00E8A6E6 /* Keyboard */,
				1F8D6D2C1F20BD4B00E8A6E6 /* KeyboardTests */,
			);
		};
/* End PBXProject section */

/* Begin PBXResourcesBuildPhase section */
		1F8D6D171F20BD4B00E8A6E6 /* Resources */ = {
			isa = PBXResourcesBuildPhase;
			buildActionMask = 2147483647;
			files = (
				1F8D6D271F20BD4B00E8A6E6 /* LaunchScreen.storyboard in Resources */,
				8C8A32B41F20E6F300FBC8DD /* emoticons.bundle in Resources */,
				1F8D6D241F20BD4B00E8A6E6 /* Assets.xcassets in Resources */,
				1F8D6D221F20BD4B00E8A6E6 /* Main.storyboard in Resources */,
			);
			runOnlyForDeploymentPostprocessing = 0;
		};
		1F8D6D2B1F20BD4B00E8A6E6 /* Resources */ = {
			isa = PBXResourcesBuildPhase;
			buildActionMask = 2147483647;
			files = (
			);
			runOnlyForDeploymentPostprocessing = 0;
		};
/* End PBXResourcesBuildPhase section */

/* Begin PBXShellScriptBuildPhase section */
		28FD396C92C0454E21D84636 /* [CP] Copy Pods Resources */ = {
			isa = PBXShellScriptBuildPhase;
			buildActionMask = 2147483647;
			files = (
			);
			inputPaths = (
			);
			name = "[CP] Copy Pods Resources";
			outputPaths = (
			);
			runOnlyForDeploymentPostprocessing = 0;
			shellPath = /bin/sh;
			shellScript = "\"${SRCROOT}/Pods/Target Support Files/Pods-Keyboard/Pods-Keyboard-resources.sh\"\n";
			showEnvVarsInLog = 0;
		};
		48E98DED04E671DAD9CC1770 /* [CP] Copy Pods Resources */ = {
			isa = PBXShellScriptBuildPhase;
			buildActionMask = 2147483647;
			files = (
			);
			inputPaths = (
			);
			name = "[CP] Copy Pods Resources";
			outputPaths = (
			);
			runOnlyForDeploymentPostprocessing = 0;
			shellPath = /bin/sh;
			shellScript = "\"${SRCROOT}/Pods/Target Support Files/Pods-KeyboardTests/Pods-KeyboardTests-resources.sh\"\n";
			showEnvVarsInLog = 0;
		};
		6B29678FEEDFEDD49AC8F1AC /* [CP] Embed Pods Frameworks */ = {
			isa = PBXShellScriptBuildPhase;
			buildActionMask = 2147483647;
			files = (
			);
			inputPaths = (
			);
			name = "[CP] Embed Pods Frameworks";
			outputPaths = (
			);
			runOnlyForDeploymentPostprocessing = 0;
			shellPath = /bin/sh;
			shellScript = "\"${SRCROOT}/Pods/Target Support Files/Pods-KeyboardTests/Pods-KeyboardTests-frameworks.sh\"\n";
			showEnvVarsInLog = 0;
		};
		87DC04DDEB3CA11EB220A18C /* [CP] Embed Pods Frameworks */ = {
			isa = PBXShellScriptBuildPhase;
			buildActionMask = 2147483647;
			files = (
			);
			inputPaths = (
			);
			name = "[CP] Embed Pods Frameworks";
			outputPaths = (
			);
			runOnlyForDeploymentPostprocessing = 0;
			shellPath = /bin/sh;
			shellScript = "\"${SRCROOT}/Pods/Target Support Files/Pods-Keyboard/Pods-Keyboard-frameworks.sh\"\n";
			showEnvVarsInLog = 0;
		};
		E1456011CC30E4E9E234CD89 /* [CP] Check Pods Manifest.lock */ = {
			isa = PBXShellScriptBuildPhase;
			buildActionMask = 2147483647;
			files = (
			);
			inputPaths = (
			);
			name = "[CP] Check Pods Manifest.lock";
			outputPaths = (
			);
			runOnlyForDeploymentPostprocessing = 0;
			shellPath = /bin/sh;
			shellScript = "diff \"${PODS_PODFILE_DIR_PATH}/Podfile.lock\" \"${PODS_ROOT}/Manifest.lock\" > /dev/null\nif [ $? != 0 ] ; then\n    # print error to STDERR\n    echo \"error: The sandbox is not in sync with the Podfile.lock. Run 'pod install' or update your CocoaPods installation.\" >&2\n    exit 1\nfi\n";
			showEnvVarsInLog = 0;
		};
		ED8821A11B09355FA3318561 /* [CP] Check Pods Manifest.lock */ = {
			isa = PBXShellScriptBuildPhase;
			buildActionMask = 2147483647;
			files = (
			);
			inputPaths = (
			);
			name = "[CP] Check Pods Manifest.lock";
			outputPaths = (
			);
			runOnlyForDeploymentPostprocessing = 0;
			shellPath = /bin/sh;
			shellScript = "diff \"${PODS_PODFILE_DIR_PATH}/Podfile.lock\" \"${PODS_ROOT}/Manifest.lock\" > /dev/null\nif [ $? != 0 ] ; then\n    # print error to STDERR\n    echo \"error: The sandbox is not in sync with the Podfile.lock. Run 'pod install' or update your CocoaPods installation.\" >&2\n    exit 1\nfi\n";
			showEnvVarsInLog = 0;
		};
/* End PBXShellScriptBuildPhase section */

/* Begin PBXSourcesBuildPhase section */
		1F8D6D151F20BD4B00E8A6E6 /* Sources */ = {
			isa = PBXSourcesBuildPhase;
			buildActionMask = 2147483647;
			files = (
				1F8D6D531F20C9A400E8A6E6 /* ToolView.swift in Sources */,
				1F8D6D1F1F20BD4B00E8A6E6 /* ViewController.swift in Sources */,
				1F8D6D4C1F20BD8500E8A6E6 /* EmoticonInputView.swift in Sources */,
				1F8D6D481F20BD8500E8A6E6 /* EmoticonPreviewer.swift in Sources */,
				1F8D6D461F20BD8500E8A6E6 /* EmoticonGroup.swift in Sources */,
				1F8D6D581F20C9E800E8A6E6 /* MoreItemCell.swift in Sources */,
				1F8D6D561F20C9D100E8A6E6 /* MoreItem.swift in Sources */,
				1F8D6D4B1F20BD8500E8A6E6 /* EmoticonCell.swift in Sources */,
				1F8D6D1D1F20BD4B00E8A6E6 /* AppDelegate.swift in Sources */,
				1F8D6D4A1F20BD8500E8A6E6 /* EmoticonToolView.swift in Sources */,
				1F8D6D471F20BD8500E8A6E6 /* EmoticonInputViewLayout.swift in Sources */,
				1F8D6D451F20BD8500E8A6E6 /* Emoticon.swift in Sources */,
				1F8D6D5A1F20C9F700E8A6E6 /* MoreInputView.swift in Sources */,
				1F8D6D491F20BD8500E8A6E6 /* EmoticonToolItemCell.swift in Sources */,
				1F8D6D511F20C95B00E8A6E6 /* Keyboard.swift in Sources */,
				1F8D6D5C1F20CB0C00E8A6E6 /* MoreCollectionLayout.swift in Sources */,
				1F8D6D4E1F20C3E800E8A6E6 /* UIView+Frame.swift in Sources */,
			);
			runOnlyForDeploymentPostprocessing = 0;
		};
		1F8D6D291F20BD4B00E8A6E6 /* Sources */ = {
			isa = PBXSourcesBuildPhase;
			buildActionMask = 2147483647;
			files = (
				1F8D6D321F20BD4B00E8A6E6 /* KeyboardTests.swift in Sources */,
			);
			runOnlyForDeploymentPostprocessing = 0;
		};
/* End PBXSourcesBuildPhase section */

/* Begin PBXTargetDependency section */
		1F8D6D2F1F20BD4B00E8A6E6 /* PBXTargetDependency */ = {
			isa = PBXTargetDependency;
			target = 1F8D6D181F20BD4B00E8A6E6 /* Keyboard */;
			targetProxy = 1F8D6D2E1F20BD4B00E8A6E6 /* PBXContainerItemProxy */;
		};
/* End PBXTargetDependency section */

/* Begin PBXVariantGroup section */
		1F8D6D201F20BD4B00E8A6E6 /* Main.storyboard */ = {
			isa = PBXVariantGroup;
			children = (
				1F8D6D211F20BD4B00E8A6E6 /* Base */,
			);
			name = Main.storyboard;
			sourceTree = "<group>";
		};
		1F8D6D251F20BD4B00E8A6E6 /* LaunchScreen.storyboard */ = {
			isa = PBXVariantGroup;
			children = (
				1F8D6D261F20BD4B00E8A6E6 /* Base */,
			);
			name = LaunchScreen.storyboard;
			sourceTree = "<group>";
		};
/* End PBXVariantGroup section */

/* Begin XCBuildConfiguration section */
		1F8D6D341F20BD4B00E8A6E6 /* Debug */ = {
			isa = XCBuildConfiguration;
			buildSettings = {
				ALWAYS_SEARCH_USER_PATHS = NO;
				CLANG_ANALYZER_NONNULL = YES;
				CLANG_ANALYZER_NUMBER_OBJECT_CONVERSION = YES_AGGRESSIVE;
				CLANG_CXX_LANGUAGE_STANDARD = "gnu++0x";
				CLANG_CXX_LIBRARY = "libc++";
				CLANG_ENABLE_MODULES = YES;
				CLANG_ENABLE_OBJC_ARC = YES;
				CLANG_WARN_BOOL_CONVERSION = YES;
				CLANG_WARN_CONSTANT_CONVERSION = YES;
				CLANG_WARN_DIRECT_OBJC_ISA_USAGE = YES_ERROR;
				CLANG_WARN_DOCUMENTATION_COMMENTS = YES;
				CLANG_WARN_EMPTY_BODY = YES;
				CLANG_WARN_ENUM_CONVERSION = YES;
				CLANG_WARN_INFINITE_RECURSION = YES;
				CLANG_WARN_INT_CONVERSION = YES;
				CLANG_WARN_OBJC_ROOT_CLASS = YES_ERROR;
				CLANG_WARN_SUSPICIOUS_MOVE = YES;
				CLANG_WARN_UNREACHABLE_CODE = YES;
				CLANG_WARN__DUPLICATE_METHOD_MATCH = YES;
				"CODE_SIGN_IDENTITY[sdk=iphoneos*]" = "iPhone Developer";
				COPY_PHASE_STRIP = NO;
				DEBUG_INFORMATION_FORMAT = dwarf;
				ENABLE_STRICT_OBJC_MSGSEND = YES;
				ENABLE_TESTABILITY = YES;
				GCC_C_LANGUAGE_STANDARD = gnu99;
				GCC_DYNAMIC_NO_PIC = NO;
				GCC_NO_COMMON_BLOCKS = YES;
				GCC_OPTIMIZATION_LEVEL = 0;
				GCC_PREPROCESSOR_DEFINITIONS = (
					"DEBUG=1",
					"$(inherited)",
				);
				GCC_WARN_64_TO_32_BIT_CONVERSION = YES;
				GCC_WARN_ABOUT_RETURN_TYPE = YES_ERROR;
				GCC_WARN_UNDECLARED_SELECTOR = YES;
				GCC_WARN_UNINITIALIZED_AUTOS = YES_AGGRESSIVE;
				GCC_WARN_UNUSED_FUNCTION = YES;
				GCC_WARN_UNUSED_VARIABLE = YES;
				IPHONEOS_DEPLOYMENT_TARGET = 10.3;
				MTL_ENABLE_DEBUG_INFO = YES;
				ONLY_ACTIVE_ARCH = YES;
				SDKROOT = iphoneos;
				SWIFT_ACTIVE_COMPILATION_CONDITIONS = DEBUG;
				SWIFT_OPTIMIZATION_LEVEL = "-Onone";
			};
			name = Debug;
		};
		1F8D6D351F20BD4B00E8A6E6 /* Release */ = {
			isa = XCBuildConfiguration;
			buildSettings = {
				ALWAYS_SEARCH_USER_PATHS = NO;
				CLANG_ANALYZER_NONNULL = YES;
				CLANG_ANALYZER_NUMBER_OBJECT_CONVERSION = YES_AGGRESSIVE;
				CLANG_CXX_LANGUAGE_STANDARD = "gnu++0x";
				CLANG_CXX_LIBRARY = "libc++";
				CLANG_ENABLE_MODULES = YES;
				CLANG_ENABLE_OBJC_ARC = YES;
				CLANG_WARN_BOOL_CONVERSION = YES;
				CLANG_WARN_CONSTANT_CONVERSION = YES;
				CLANG_WARN_DIRECT_OBJC_ISA_USAGE = YES_ERROR;
				CLANG_WARN_DOCUMENTATION_COMMENTS = YES;
				CLANG_WARN_EMPTY_BODY = YES;
				CLANG_WARN_ENUM_CONVERSION = YES;
				CLANG_WARN_INFINITE_RECURSION = YES;
				CLANG_WARN_INT_CONVERSION = YES;
				CLANG_WARN_OBJC_ROOT_CLASS = YES_ERROR;
				CLANG_WARN_SUSPICIOUS_MOVE = YES;
				CLANG_WARN_UNREACHABLE_CODE = YES;
				CLANG_WARN__DUPLICATE_METHOD_MATCH = YES;
				"CODE_SIGN_IDENTITY[sdk=iphoneos*]" = "iPhone Developer";
				COPY_PHASE_STRIP = NO;
				DEBUG_INFORMATION_FORMAT = "dwarf-with-dsym";
				ENABLE_NS_ASSERTIONS = NO;
				ENABLE_STRICT_OBJC_MSGSEND = YES;
				GCC_C_LANGUAGE_STANDARD = gnu99;
				GCC_NO_COMMON_BLOCKS = YES;
				GCC_WARN_64_TO_32_BIT_CONVERSION = YES;
				GCC_WARN_ABOUT_RETURN_TYPE = YES_ERROR;
				GCC_WARN_UNDECLARED_SELECTOR = YES;
				GCC_WARN_UNINITIALIZED_AUTOS = YES_AGGRESSIVE;
				GCC_WARN_UNUSED_FUNCTION = YES;
				GCC_WARN_UNUSED_VARIABLE = YES;
				IPHONEOS_DEPLOYMENT_TARGET = 10.3;
				MTL_ENABLE_DEBUG_INFO = NO;
				SDKROOT = iphoneos;
				SWIFT_OPTIMIZATION_LEVEL = "-Owholemodule";
				VALIDATE_PRODUCT = YES;
			};
			name = Release;
		};
		1F8D6D371F20BD4B00E8A6E6 /* Debug */ = {
			isa = XCBuildConfiguration;
			baseConfigurationReference = CFE1B148E88855663DBDBA95 /* Pods-Keyboard.debug.xcconfig */;
			buildSettings = {
				ASSETCATALOG_COMPILER_APPICON_NAME = AppIcon;
				INFOPLIST_FILE = Keyboard/Info.plist;
				LD_RUNPATH_SEARCH_PATHS = "$(inherited) @executable_path/Frameworks";
				PRODUCT_BUNDLE_IDENTIFIER = com.cwwise.Keyboard;
				PRODUCT_NAME = "$(TARGET_NAME)";
				SWIFT_VERSION = 3.0;
			};
			name = Debug;
		};
		1F8D6D381F20BD4B00E8A6E6 /* Release */ = {
			isa = XCBuildConfiguration;
			baseConfigurationReference = 2FEA2AC8F56C478E3011B3AF /* Pods-Keyboard.release.xcconfig */;
			buildSettings = {
				ASSETCATALOG_COMPILER_APPICON_NAME = AppIcon;
				INFOPLIST_FILE = Keyboard/Info.plist;
				LD_RUNPATH_SEARCH_PATHS = "$(inherited) @executable_path/Frameworks";
				PRODUCT_BUNDLE_IDENTIFIER = com.cwwise.Keyboard;
				PRODUCT_NAME = "$(TARGET_NAME)";
				SWIFT_VERSION = 3.0;
			};
			name = Release;
		};
		1F8D6D3A1F20BD4B00E8A6E6 /* Debug */ = {
			isa = XCBuildConfiguration;
			baseConfigurationReference = 62C713CA1A6AB6D8BF4C8E12 /* Pods-KeyboardTests.debug.xcconfig */;
			buildSettings = {
				ALWAYS_EMBED_SWIFT_STANDARD_LIBRARIES = YES;
				BUNDLE_LOADER = "$(TEST_HOST)";
				INFOPLIST_FILE = KeyboardTests/Info.plist;
				LD_RUNPATH_SEARCH_PATHS = "$(inherited) @executable_path/Frameworks @loader_path/Frameworks";
				PRODUCT_BUNDLE_IDENTIFIER = com.cwwise.KeyboardTests;
				PRODUCT_NAME = "$(TARGET_NAME)";
				SWIFT_VERSION = 3.0;
				TEST_HOST = "$(BUILT_PRODUCTS_DIR)/Keyboard.app/Keyboard";
			};
			name = Debug;
		};
		1F8D6D3B1F20BD4B00E8A6E6 /* Release */ = {
			isa = XCBuildConfiguration;
			baseConfigurationReference = B3B717A5E208B2CF3246B6EA /* Pods-KeyboardTests.release.xcconfig */;
			buildSettings = {
				ALWAYS_EMBED_SWIFT_STANDARD_LIBRARIES = YES;
				BUNDLE_LOADER = "$(TEST_HOST)";
				INFOPLIST_FILE = KeyboardTests/Info.plist;
				LD_RUNPATH_SEARCH_PATHS = "$(inherited) @executable_path/Frameworks @loader_path/Frameworks";
				PRODUCT_BUNDLE_IDENTIFIER = com.cwwise.KeyboardTests;
				PRODUCT_NAME = "$(TARGET_NAME)";
				SWIFT_VERSION = 3.0;
				TEST_HOST = "$(BUILT_PRODUCTS_DIR)/Keyboard.app/Keyboard";
			};
			name = Release;
		};
/* End XCBuildConfiguration section */

/* Begin XCConfigurationList section */
		1F8D6D141F20BD4B00E8A6E6 /* Build configuration list for PBXProject "Keyboard" */ = {
			isa = XCConfigurationList;
			buildConfigurations = (
				1F8D6D341F20BD4B00E8A6E6 /* Debug */,
				1F8D6D351F20BD4B00E8A6E6 /* Release */,
			);
			defaultConfigurationIsVisible = 0;
			defaultConfigurationName = Release;
		};
		1F8D6D361F20BD4B00E8A6E6 /* Build configuration list for PBXNativeTarget "Keyboard" */ = {
			isa = XCConfigurationList;
			buildConfigurations = (
				1F8D6D371F20BD4B00E8A6E6 /* Debug */,
				1F8D6D381F20BD4B00E8A6E6 /* Release */,
			);
			defaultConfigurationIsVisible = 0;
			defaultConfigurationName = Release;
		};
		1F8D6D391F20BD4B00E8A6E6 /* Build configuration list for PBXNativeTarget "KeyboardTests" */ = {
			isa = XCConfigurationList;
			buildConfigurations = (
				1F8D6D3A1F20BD4B00E8A6E6 /* Debug */,
				1F8D6D3B1F20BD4B00E8A6E6 /* Release */,
			);
			defaultConfigurationIsVisible = 0;
			defaultConfigurationName = Release;
		};
/* End XCConfigurationList section */
	};
	rootObject = 1F8D6D111F20BD4B00E8A6E6 /* Project object */;
}
